// !$*UTF8*$!
{
	archiveVersion = 1;
	classes = {
	};
	objectVersion = 55;
	objects = {

/* Begin PBXBuildFile section */
		BD14192D289423A10062AA7C /* ToDoTableViewController.swift in Sources */ = {isa = PBXBuildFile; fileRef = BD14192C289423A10062AA7C /* ToDoTableViewController.swift */; };
		BD459B1A289420A200EED544 /* AppDelegate.swift in Sources */ = {isa = PBXBuildFile; fileRef = BD459B19289420A200EED544 /* AppDelegate.swift */; };
		BD459B1C289420A200EED544 /* SceneDelegate.swift in Sources */ = {isa = PBXBuildFile; fileRef = BD459B1B289420A200EED544 /* SceneDelegate.swift */; };
		BD459B21289420A200EED544 /* Main.storyboard in Resources */ = {isa = PBXBuildFile; fileRef = BD459B1F289420A200EED544 /* Main.storyboard */; };
		BD459B24289420A200EED544 /* To_Do_List.xcdatamodeld in Sources */ = {isa = PBXBuildFile; fileRef = BD459B22289420A200EED544 /* To_Do_List.xcdatamodeld */; };
		BD459B26289420A400EED544 /* Assets.xcassets in Resources */ = {isa = PBXBuildFile; fileRef = BD459B25289420A400EED544 /* Assets.xcassets */; };
		BD459B29289420A400EED544 /* LaunchScreen.storyboard in Resources */ = {isa = PBXBuildFile; fileRef = BD459B27289420A400EED544 /* LaunchScreen.storyboard */; };
		BD459B34289420A400EED544 /* To_Do_ListTests.swift in Sources */ = {isa = PBXBuildFile; fileRef = BD459B33289420A400EED544 /* To_Do_ListTests.swift */; };
		BD459B3E289420A400EED544 /* To_Do_ListUITests.swift in Sources */ = {isa = PBXBuildFile; fileRef = BD459B3D289420A400EED544 /* To_Do_ListUITests.swift */; };
		BD459B40289420A400EED544 /* To_Do_ListUITestsLaunchTests.swift in Sources */ = {isa = PBXBuildFile; fileRef = BD459B3F289420A400EED544 /* To_Do_ListUITestsLaunchTests.swift */; };
		BD9EAB9B28942435000D7850 /* ToDo.swift in Sources */ = {isa = PBXBuildFile; fileRef = BD9EAB9A28942435000D7850 /* ToDo.swift */; };
		BD9EAB9D28942C72000D7850 /* AddToDoViewController.swift in Sources */ = {isa = PBXBuildFile; fileRef = BD9EAB9C28942C72000D7850 /* AddToDoViewController.swift */; };
		BD9EAB9F289439D8000D7850 /* CompleteToDoViewController.swift in Sources */ = {isa = PBXBuildFile; fileRef = BD9EAB9E289439D8000D7850 /* CompleteToDoViewController.swift */; };
/* End PBXBuildFile section */

/* Begin PBXContainerItemProxy section */
		BD459B30289420A400EED544 /* PBXContainerItemProxy */ = {
			isa = PBXContainerItemProxy;
			containerPortal = BD459B0E289420A200EED544 /* Project object */;
			proxyType = 1;
			remoteGlobalIDString = BD459B15289420A200EED544;
			remoteInfo = "To-Do-List";
		};
		BD459B3A289420A400EED544 /* PBXContainerItemProxy */ = {
			isa = PBXContainerItemProxy;
			containerPortal = BD459B0E289420A200EED544 /* Project object */;
			proxyType = 1;
			remoteGlobalIDString = BD459B15289420A200EED544;
			remoteInfo = "To-Do-List";
		};
/* End PBXContainerItemProxy section */

/* Begin PBXFileReference section */
		BD14192C289423A10062AA7C /* ToDoTableViewController.swift */ = {isa = PBXFileReference; lastKnownFileType = sourcecode.swift; path = ToDoTableViewController.swift; sourceTree = "<group>"; };
		BD459B16289420A200EED544 /* To-Do-List.app */ = {isa = PBXFileReference; explicitFileType = wrapper.application; includeInIndex = 0; path = "To-Do-List.app"; sourceTree = BUILT_PRODUCTS_DIR; };
		BD459B19289420A200EED544 /* AppDelegate.swift */ = {isa = PBXFileReference; lastKnownFileType = sourcecode.swift; path = AppDelegate.swift; sourceTree = "<group>"; };
		BD459B1B289420A200EED544 /* SceneDelegate.swift */ = {isa = PBXFileReference; lastKnownFileType = sourcecode.swift; path = SceneDelegate.swift; sourceTree = "<group>"; };
		BD459B20289420A200EED544 /* Base */ = {isa = PBXFileReference; lastKnownFileType = file.storyboard; name = Base; path = Base.lproj/Main.storyboard; sourceTree = "<group>"; };
		BD459B23289420A200EED544 /* To_Do_List.xcdatamodel */ = {isa = PBXFileReference; lastKnownFileType = wrapper.xcdatamodel; path = To_Do_List.xcdatamodel; sourceTree = "<group>"; };
		BD459B25289420A400EED544 /* Assets.xcassets */ = {isa = PBXFileReference; lastKnownFileType = folder.assetcatalog; path = Assets.xcassets; sourceTree = "<group>"; };
		BD459B28289420A400EED544 /* Base */ = {isa = PBXFileReference; lastKnownFileType = file.storyboard; name = Base; path = Base.lproj/LaunchScreen.storyboard; sourceTree = "<group>"; };
		BD459B2A289420A400EED544 /* Info.plist */ = {isa = PBXFileReference; lastKnownFileType = text.plist.xml; path = Info.plist; sourceTree = "<group>"; };
		BD459B2F289420A400EED544 /* To-Do-ListTests.xctest */ = {isa = PBXFileReference; explicitFileType = wrapper.cfbundle; includeInIndex = 0; path = "To-Do-ListTests.xctest"; sourceTree = BUILT_PRODUCTS_DIR; };
		BD459B33289420A400EED544 /* To_Do_ListTests.swift */ = {isa = PBXFileReference; lastKnownFileType = sourcecode.swift; path = To_Do_ListTests.swift; sourceTree = "<group>"; };
		BD459B39289420A400EED544 /* To-Do-ListUITests.xctest */ = {isa = PBXFileReference; explicitFileType = wrapper.cfbundle; includeInIndex = 0; path = "To-Do-ListUITests.xctest"; sourceTree = BUILT_PRODUCTS_DIR; };
		BD459B3D289420A400EED544 /* To_Do_ListUITests.swift */ = {isa = PBXFileReference; lastKnownFileType = sourcecode.swift; path = To_Do_ListUITests.swift; sourceTree = "<group>"; };
		BD459B3F289420A400EED544 /* To_Do_ListUITestsLaunchTests.swift */ = {isa = PBXFileReference; lastKnownFileType = sourcecode.swift; path = To_Do_ListUITestsLaunchTests.swift; sourceTree = "<group>"; };
		BD9EAB9A28942435000D7850 /* ToDo.swift */ = {isa = PBXFileReference; lastKnownFileType = sourcecode.swift; path = ToDo.swift; sourceTree = "<group>"; };
		BD9EAB9C28942C72000D7850 /* AddToDoViewController.swift */ = {isa = PBXFileReference; lastKnownFileType = sourcecode.swift; path = AddToDoViewController.swift; sourceTree = "<group>"; };
		BD9EAB9E289439D8000D7850 /* CompleteToDoViewController.swift */ = {isa = PBXFileReference; lastKnownFileType = sourcecode.swift; path = CompleteToDoViewController.swift; sourceTree = "<group>"; };
/* End PBXFileReference section */

/* Begin PBXFrameworksBuildPhase section */
		BD459B13289420A200EED544 /* Frameworks */ = {
			isa = PBXFrameworksBuildPhase;
			buildActionMask = 2147483647;
			files = (
			);
			runOnlyForDeploymentPostprocessing = 0;
		};
		BD459B2C289420A400EED544 /* Frameworks */ = {
			isa = PBXFrameworksBuildPhase;
			buildActionMask = 2147483647;
			files = (
			);
			runOnlyForDeploymentPostprocessing = 0;
		};
		BD459B36289420A400EED544 /* Frameworks */ = {
			isa = PBXFrameworksBuildPhase;
			buildActionMask = 2147483647;
			files = (
			);
			runOnlyForDeploymentPostprocessing = 0;
		};
/* End PBXFrameworksBuildPhase section */

/* Begin PBXGroup section */
		BD459B0D289420A200EED544 = {
			isa = PBXGroup;
			children = (
				BD459B18289420A200EED544 /* To-Do-List */,
				BD459B32289420A400EED544 /* To-Do-ListTests */,
				BD459B3C289420A400EED544 /* To-Do-ListUITests */,
				BD459B17289420A200EED544 /* Products */,
			);
			sourceTree = "<group>";
		};
		BD459B17289420A200EED544 /* Products */ = {
			isa = PBXGroup;
			children = (
				BD459B16289420A200EED544 /* To-Do-List.app */,
				BD459B2F289420A400EED544 /* To-Do-ListTests.xctest */,
				BD459B39289420A400EED544 /* To-Do-ListUITests.xctest */,
			);
			name = Products;
			sourceTree = "<group>";
		};
		BD459B18289420A200EED544 /* To-Do-List */ = {
			isa = PBXGroup;
			children = (
				BD459B19289420A200EED544 /* AppDelegate.swift */,
				BD459B1B289420A200EED544 /* SceneDelegate.swift */,
				BD459B1F289420A200EED544 /* Main.storyboard */,
				BD9EAB9E289439D8000D7850 /* CompleteToDoViewController.swift */,
				BD9EAB9C28942C72000D7850 /* AddToDoViewController.swift */,
				BD14192C289423A10062AA7C /* ToDoTableViewController.swift */,
				BD9EAB9A28942435000D7850 /* ToDo.swift */,
				BD459B25289420A400EED544 /* Assets.xcassets */,
				BD459B27289420A400EED544 /* LaunchScreen.storyboard */,
				BD459B2A289420A400EED544 /* Info.plist */,
				BD459B22289420A200EED544 /* To_Do_List.xcdatamodeld */,
			);
			path = "To-Do-List";
			sourceTree = "<group>";
		};
		BD459B32289420A400EED544 /* To-Do-ListTests */ = {
			isa = PBXGroup;
			children = (
				BD459B33289420A400EED544 /* To_Do_ListTests.swift */,
			);
			path = "To-Do-ListTests";
			sourceTree = "<group>";
		};
		BD459B3C289420A400EED544 /* To-Do-ListUITests */ = {
			isa = PBXGroup;
			children = (
				BD459B3D289420A400EED544 /* To_Do_ListUITests.swift */,
				BD459B3F289420A400EED544 /* To_Do_ListUITestsLaunchTests.swift */,
			);
			path = "To-Do-ListUITests";
			sourceTree = "<group>";
		};
/* End PBXGroup section */

/* Begin PBXNativeTarget section */
		BD459B15289420A200EED544 /* To-Do-List */ = {
			isa = PBXNativeTarget;
			buildConfigurationList = BD459B43289420A400EED544 /* Build configuration list for PBXNativeTarget "To-Do-List" */;
			buildPhases = (
				BD459B12289420A200EED544 /* Sources */,
				BD459B13289420A200EED544 /* Frameworks */,
				BD459B14289420A200EED544 /* Resources */,
			);
			buildRules = (
			);
			dependencies = (
			);
			name = "To-Do-List";
			productName = "To-Do-List";
			productReference = BD459B16289420A200EED544 /* To-Do-List.app */;
			productType = "com.apple.product-type.application";
		};
		BD459B2E289420A400EED544 /* To-Do-ListTests */ = {
			isa = PBXNativeTarget;
			buildConfigurationList = BD459B46289420A400EED544 /* Build configuration list for PBXNativeTarget "To-Do-ListTests" */;
			buildPhases = (
				BD459B2B289420A400EED544 /* Sources */,
				BD459B2C289420A400EED544 /* Frameworks */,
				BD459B2D289420A400EED544 /* Resources */,
			);
			buildRules = (
			);
			dependencies = (
				BD459B31289420A400EED544 /* PBXTargetDependency */,
			);
			name = "To-Do-ListTests";
			productName = "To-Do-ListTests";
			productReference = BD459B2F289420A400EED544 /* To-Do-ListTests.xctest */;
			productType = "com.apple.product-type.bundle.unit-test";
		};
		BD459B38289420A400EED544 /* To-Do-ListUITests */ = {
			isa = PBXNativeTarget;
			buildConfigurationList = BD459B49289420A400EED544 /* Build configuration list for PBXNativeTarget "To-Do-ListUITests" */;
			buildPhases = (
				BD459B35289420A400EED544 /* Sources */,
				BD459B36289420A400EED544 /* Frameworks */,
				BD459B37289420A400EED544 /* Resources */,
			);
			buildRules = (
			);
			dependencies = (
				BD459B3B289420A400EED544 /* PBXTargetDependency */,
			);
			name = "To-Do-ListUITests";
			productName = "To-Do-ListUITests";
			productReference = BD459B39289420A400EED544 /* To-Do-ListUITests.xctest */;
			productType = "com.apple.product-type.bundle.ui-testing";
		};
/* End PBXNativeTarget section */

/* Begin PBXProject section */
		BD459B0E289420A200EED544 /* Project object */ = {
			isa = PBXProject;
			attributes = {
				BuildIndependentTargetsInParallel = 1;
				LastSwiftUpdateCheck = 1340;
				LastUpgradeCheck = 1340;
				TargetAttributes = {
					BD459B15289420A200EED544 = {
						CreatedOnToolsVersion = 13.4.1;
					};
					BD459B2E289420A400EED544 = {
						CreatedOnToolsVersion = 13.4.1;
						TestTargetID = BD459B15289420A200EED544;
					};
					BD459B38289420A400EED544 = {
						CreatedOnToolsVersion = 13.4.1;
						TestTargetID = BD459B15289420A200EED544;
					};
				};
			};
			buildConfigurationList = BD459B11289420A200EED544 /* Build configuration list for PBXProject "To-Do-List" */;
			compatibilityVersion = "Xcode 13.0";
			developmentRegion = en;
			hasScannedForEncodings = 0;
			knownRegions = (
				en,
				Base,
			);
			mainGroup = BD459B0D289420A200EED544;
			productRefGroup = BD459B17289420A200EED544 /* Products */;
			projectDirPath = "";
			projectRoot = "";
			targets = (
				BD459B15289420A200EED544 /* To-Do-List */,
				BD459B2E289420A400EED544 /* To-Do-ListTests */,
				BD459B38289420A400EED544 /* To-Do-ListUITests */,
			);
		};
/* End PBXProject section */

/* Begin PBXResourcesBuildPhase section */
		BD459B14289420A200EED544 /* Resources */ = {
			isa = PBXResourcesBuildPhase;
			buildActionMask = 2147483647;
			files = (
				BD459B29289420A400EED544 /* LaunchScreen.storyboard in Resources */,
				BD459B26289420A400EED544 /* Assets.xcassets in Resources */,
				BD459B21289420A200EED544 /* Main.storyboard in Resources */,
			);
			runOnlyForDeploymentPostprocessing = 0;
		};
		BD459B2D289420A400EED544 /* Resources */ = {
			isa = PBXResourcesBuildPhase;
			buildActionMask = 2147483647;
			files = (
			);
			runOnlyForDeploymentPostprocessing = 0;
		};
		BD459B37289420A400EED544 /* Resources */ = {
			isa = PBXResourcesBuildPhase;
			buildActionMask = 2147483647;
			files = (
			);
			runOnlyForDeploymentPostprocessing = 0;
		};
/* End PBXResourcesBuildPhase section */

/* Begin PBXSourcesBuildPhase section */
		BD459B12289420A200EED544 /* Sources */ = {
			isa = PBXSourcesBuildPhase;
			buildActionMask = 2147483647;
			files = (
				BD459B1A289420A200EED544 /* AppDelegate.swift in Sources */,
				BD9EAB9B28942435000D7850 /* ToDo.swift in Sources */,
				BD14192D289423A10062AA7C /* ToDoTableViewController.swift in Sources */,
				BD9EAB9F289439D8000D7850 /* CompleteToDoViewController.swift in Sources */,
				BD459B1C289420A200EED544 /* SceneDelegate.swift in Sources */,
				BD9EAB9D28942C72000D7850 /* AddToDoViewController.swift in Sources */,
				BD459B24289420A200EED544 /* To_Do_List.xcdatamodeld in Sources */,
			);
			runOnlyForDeploymentPostprocessing = 0;
		};
		BD459B2B289420A400EED544 /* Sources */ = {
			isa = PBXSourcesBuildPhase;
			buildActionMask = 2147483647;
			files = (
				BD459B34289420A400EED544 /* To_Do_ListTests.swift in Sources */,
			);
			runOnlyForDeploymentPostprocessing = 0;
		};
		BD459B35289420A400EED544 /* Sources */ = {
			isa = PBXSourcesBuildPhase;
			buildActionMask = 2147483647;
			files = (
				BD459B40289420A400EED544 /* To_Do_ListUITestsLaunchTests.swift in Sources */,
				BD459B3E289420A400EED544 /* To_Do_ListUITests.swift in Sources */,
			);
			runOnlyForDeploymentPostprocessing = 0;
		};
/* End PBXSourcesBuildPhase section */

/* Begin PBXTargetDependency section */
		BD459B31289420A400EED544 /* PBXTargetDependency */ = {
			isa = PBXTargetDependency;
			target = BD459B15289420A200EED544 /* To-Do-List */;
			targetProxy = BD459B30289420A400EED544 /* PBXContainerItemProxy */;
		};
		BD459B3B289420A400EED544 /* PBXTargetDependency */ = {
			isa = PBXTargetDependency;
			target = BD459B15289420A200EED544 /* To-Do-List */;
			targetProxy = BD459B3A289420A400EED544 /* PBXContainerItemProxy */;
		};
/* End PBXTargetDependency section */

/* Begin PBXVariantGroup section */
		BD459B1F289420A200EED544 /* Main.storyboard */ = {
			isa = PBXVariantGroup;
			children = (
				BD459B20289420A200EED544 /* Base */,
			);
			name = Main.storyboard;
			sourceTree = "<group>";
		};
		BD459B27289420A400EED544 /* LaunchScreen.storyboard */ = {
			isa = PBXVariantGroup;
			children = (
				BD459B28289420A400EED544 /* Base */,
			);
			name = LaunchScreen.storyboard;
			sourceTree = "<group>";
		};
/* End PBXVariantGroup section */

/* Begin XCBuildConfiguration section */
		BD459B41289420A400EED544 /* Debug */ = {
			isa = XCBuildConfiguration;
			buildSettings = {
				ALWAYS_SEARCH_USER_PATHS = NO;
				CLANG_ANALYZER_NONNULL = YES;
				CLANG_ANALYZER_NUMBER_OBJECT_CONVERSION = YES_AGGRESSIVE;
				CLANG_CXX_LANGUAGE_STANDARD = "gnu++17";
				CLANG_ENABLE_MODULES = YES;
				CLANG_ENABLE_OBJC_ARC = YES;
				CLANG_ENABLE_OBJC_WEAK = YES;
				CLANG_WARN_BLOCK_CAPTURE_AUTORELEASING = YES;
				CLANG_WARN_BOOL_CONVERSION = YES;
				CLANG_WARN_COMMA = YES;
				CLANG_WARN_CONSTANT_CONVERSION = YES;
				CLANG_WARN_DEPRECATED_OBJC_IMPLEMENTATIONS = YES;
				CLANG_WARN_DIRECT_OBJC_ISA_USAGE = YES_ERROR;
				CLANG_WARN_DOCUMENTATION_COMMENTS = YES;
				CLANG_WARN_EMPTY_BODY = YES;
				CLANG_WARN_ENUM_CONVERSION = YES;
				CLANG_WARN_INFINITE_RECURSION = YES;
				CLANG_WARN_INT_CONVERSION = YES;
				CLANG_WARN_NON_LITERAL_NULL_CONVERSION = YES;
				CLANG_WARN_OBJC_IMPLICIT_RETAIN_SELF = YES;
				CLANG_WARN_OBJC_LITERAL_CONVERSION = YES;
				CLANG_WARN_OBJC_ROOT_CLASS = YES_ERROR;
				CLANG_WARN_QUOTED_INCLUDE_IN_FRAMEWORK_HEADER = YES;
				CLANG_WARN_RANGE_LOOP_ANALYSIS = YES;
				CLANG_WARN_STRICT_PROTOTYPES = YES;
				CLANG_WARN_SUSPICIOUS_MOVE = YES;
				CLANG_WARN_UNGUARDED_AVAILABILITY = YES_AGGRESSIVE;
				CLANG_WARN_UNREACHABLE_CODE = YES;
				CLANG_WARN__DUPLICATE_METHOD_MATCH = YES;
				COPY_PHASE_STRIP = NO;
				DEBUG_INFORMATION_FORMAT = dwarf;
				ENABLE_STRICT_OBJC_MSGSEND = YES;
				ENABLE_TESTABILITY = YES;
				GCC_C_LANGUAGE_STANDARD = gnu11;
				GCC_DYNAMIC_NO_PIC = NO;
				GCC_NO_COMMON_BLOCKS = YES;
				GCC_OPTIMIZATION_LEVEL = 0;
				GCC_PREPROCESSOR_DEFINITIONS = (
					"DEBUG=1",
					"$(inherited)",
				);
				GCC_WARN_64_TO_32_BIT_CONVERSION = YES;
				GCC_WARN_ABOUT_RETURN_TYPE = YES_ERROR;
				GCC_WARN_UNDECLARED_SELECTOR = YES;
				GCC_WARN_UNINITIALIZED_AUTOS = YES_AGGRESSIVE;
				GCC_WARN_UNUSED_FUNCTION = YES;
				GCC_WARN_UNUSED_VARIABLE = YES;
				IPHONEOS_DEPLOYMENT_TARGET = 15.5;
				MTL_ENABLE_DEBUG_INFO = INCLUDE_SOURCE;
				MTL_FAST_MATH = YES;
				ONLY_ACTIVE_ARCH = YES;
				SDKROOT = iphoneos;
				SWIFT_ACTIVE_COMPILATION_CONDITIONS = DEBUG;
				SWIFT_OPTIMIZATION_LEVEL = "-Onone";
			};
			name = Debug;
		};
		BD459B42289420A400EED544 /* Release */ = {
			isa = XCBuildConfiguration;
			buildSettings = {
				ALWAYS_SEARCH_USER_PATHS = NO;
				CLANG_ANALYZER_NONNULL = YES;
				CLANG_ANALYZER_NUMBER_OBJECT_CONVERSION = YES_AGGRESSIVE;
				CLANG_CXX_LANGUAGE_STANDARD = "gnu++17";
				CLANG_ENABLE_MODULES = YES;
				CLANG_ENABLE_OBJC_ARC = YES;
				CLANG_ENABLE_OBJC_WEAK = YES;
				CLANG_WARN_BLOCK_CAPTURE_AUTORELEASING = YES;
				CLANG_WARN_BOOL_CONVERSION = YES;
				CLANG_WARN_COMMA = YES;
				CLANG_WARN_CONSTANT_CONVERSION = YES;
				CLANG_WARN_DEPRECATED_OBJC_IMPLEMENTATIONS = YES;
				CLANG_WARN_DIRECT_OBJC_ISA_USAGE = YES_ERROR;
				CLANG_WARN_DOCUMENTATION_COMMENTS = YES;
				CLANG_WARN_EMPTY_BODY = YES;
				CLANG_WARN_ENUM_CONVERSION = YES;
				CLANG_WARN_INFINITE_RECURSION = YES;
				CLANG_WARN_INT_CONVERSION = YES;
				CLANG_WARN_NON_LITERAL_NULL_CONVERSION = YES;
				CLANG_WARN_OBJC_IMPLICIT_RETAIN_SELF = YES;
				CLANG_WARN_OBJC_LITERAL_CONVERSION = YES;
				CLANG_WARN_OBJC_ROOT_CLASS = YES_ERROR;
				CLANG_WARN_QUOTED_INCLUDE_IN_FRAMEWORK_HEADER = YES;
				CLANG_WARN_RANGE_LOOP_ANALYSIS = YES;
				CLANG_WARN_STRICT_PROTOTYPES = YES;
				CLANG_WARN_SUSPICIOUS_MOVE = YES;
				CLANG_WARN_UNGUARDED_AVAILABILITY = YES_AGGRESSIVE;
				CLANG_WARN_UNREACHABLE_CODE = YES;
				CLANG_WARN__DUPLICATE_METHOD_MATCH = YES;
				COPY_PHASE_STRIP = NO;
				DEBUG_INFORMATION_FORMAT = "dwarf-with-dsym";
				ENABLE_NS_ASSERTIONS = NO;
				ENABLE_STRICT_OBJC_MSGSEND = YES;
				GCC_C_LANGUAGE_STANDARD = gnu11;
				GCC_NO_COMMON_BLOCKS = YES;
				GCC_WARN_64_TO_32_BIT_CONVERSION = YES;
				GCC_WARN_ABOUT_RETURN_TYPE = YES_ERROR;
				GCC_WARN_UNDECLARED_SELECTOR = YES;
				GCC_WARN_UNINITIALIZED_AUTOS = YES_AGGRESSIVE;
				GCC_WARN_UNUSED_FUNCTION = YES;
				GCC_WARN_UNUSED_VARIABLE = YES;
				IPHONEOS_DEPLOYMENT_TARGET = 15.5;
				MTL_ENABLE_DEBUG_INFO = NO;
				MTL_FAST_MATH = YES;
				SDKROOT = iphoneos;
				SWIFT_COMPILATION_MODE = wholemodule;
				SWIFT_OPTIMIZATION_LEVEL = "-O";
				VALIDATE_PRODUCT = YES;
			};
			name = Release;
		};
		BD459B44289420A400EED544 /* Debug */ = {
			isa = XCBuildConfiguration;
			buildSettings = {
				ASSETCATALOG_COMPILER_APPICON_NAME = AppIcon;
				ASSETCATALOG_COMPILER_GLOBAL_ACCENT_COLOR_NAME = AccentColor;
				CODE_SIGN_STYLE = Automatic;
				CURRENT_PROJECT_VERSION = 1;
				GENERATE_INFOPLIST_FILE = YES;
				INFOPLIST_FILE = "To-Do-List/Info.plist";
				INFOPLIST_KEY_UIApplicationSupportsIndirectInputEvents = YES;
				INFOPLIST_KEY_UILaunchStoryboardName = LaunchScreen;
				INFOPLIST_KEY_UIMainStoryboardFile = Main;
				INFOPLIST_KEY_UISupportedInterfaceOrientations_iPad = "UIInterfaceOrientationPortrait UIInterfaceOrientationPortraitUpsideDown UIInterfaceOrientationLandscapeLeft UIInterfaceOrientationLandscapeRight";
				INFOPLIST_KEY_UISupportedInterfaceOrientations_iPhone = "UIInterfaceOrientationPortrait UIInterfaceOrientationLandscapeLeft UIInterfaceOrientationLandscapeRight";
				LD_RUNPATH_SEARCH_PATHS = (
					"$(inherited)",
					"@executable_path/Frameworks",
				);
				MARKETING_VERSION = 1.0;
				PRODUCT_BUNDLE_IDENTIFIER = "KWK.To-Do-List";
				PRODUCT_NAME = "$(TARGET_NAME)";
				SWIFT_EMIT_LOC_STRINGS = YES;
				SWIFT_VERSION = 5.0;
				TARGETED_DEVICE_FAMILY = "1,2";
			};
			name = Debug;
		};
		BD459B45289420A400EED544 /* Release */ = {
			isa = XCBuildConfiguration;
			buildSettings = {
				ASSETCATALOG_COMPILER_APPICON_NAME = AppIcon;
				ASSETCATALOG_COMPILER_GLOBAL_ACCENT_COLOR_NAME = AccentColor;
				CODE_SIGN_STYLE = Automatic;
				CURRENT_PROJECT_VERSION = 1;
				GENERATE_INFOPLIST_FILE = YES;
				INFOPLIST_FILE = "To-Do-List/Info.plist";
				INFOPLIST_KEY_UIApplicationSupportsIndirectInputEvents = YES;
				INFOPLIST_KEY_UILaunchStoryboardName = LaunchScreen;
				INFOPLIST_KEY_UIMainStoryboardFile = Main;
				INFOPLIST_KEY_UISupportedInterfaceOrientations_iPad = "UIInterfaceOrientationPortrait UIInterfaceOrientationPortraitUpsideDown UIInterfaceOrientationLandscapeLeft UIInterfaceOrientationLandscapeRight";
				INFOPLIST_KEY_UISupportedInterfaceOrientations_iPhone = "UIInterfaceOrientationPortrait UIInterfaceOrientationLandscapeLeft UIInterfaceOrientationLandscapeRight";
				LD_RUNPATH_SEARCH_PATHS = (
					"$(inherited)",
					"@executable_path/Frameworks",
				);
				MARKETING_VERSION = 1.0;
				PRODUCT_BUNDLE_IDENTIFIER = "KWK.To-Do-List";
				PRODUCT_NAME = "$(TARGET_NAME)";
				SWIFT_EMIT_LOC_STRINGS = YES;
				SWIFT_VERSION = 5.0;
				TARGETED_DEVICE_FAMILY = "1,2";
			};
			name = Release;
		};
		BD459B47289420A400EED544 /* Debug */ = {
			isa = XCBuildConfiguration;
			buildSettings = {
				ALWAYS_EMBED_SWIFT_STANDARD_LIBRARIES = YES;
				BUNDLE_LOADER = "$(TEST_HOST)";
				CODE_SIGN_STYLE = Automatic;
				CURRENT_PROJECT_VERSION = 1;
				GENERATE_INFOPLIST_FILE = YES;
				IPHONEOS_DEPLOYMENT_TARGET = 15.5;
				MARKETING_VERSION = 1.0;
				PRODUCT_BUNDLE_IDENTIFIER = "KWK.To-Do-ListTests";
				PRODUCT_NAME = "$(TARGET_NAME)";
				SWIFT_EMIT_LOC_STRINGS = NO;
				SWIFT_VERSION = 5.0;
				TARGETED_DEVICE_FAMILY = "1,2";
				TEST_HOST = "$(BUILT_PRODUCTS_DIR)/To-Do-List.app/To-Do-List";
			};
			name = Debug;
		};
		BD459B48289420A400EED544 /* Release */ = {
			isa = XCBuildConfiguration;
			buildSettings = {
				ALWAYS_EMBED_SWIFT_STANDARD_LIBRARIES = YES;
				BUNDLE_LOADER = "$(TEST_HOST)";
				CODE_SIGN_STYLE = Automatic;
				CURRENT_PROJECT_VERSION = 1;
				GENERATE_INFOPLIST_FILE = YES;
				IPHONEOS_DEPLOYMENT_TARGET = 15.5;
				MARKETING_VERSION = 1.0;
				PRODUCT_BUNDLE_IDENTIFIER = "KWK.To-Do-ListTests";
				PRODUCT_NAME = "$(TARGET_NAME)";
				SWIFT_EMIT_LOC_STRINGS = NO;
				SWIFT_VERSION = 5.0;
				TARGETED_DEVICE_FAMILY = "1,2";
				TEST_HOST = "$(BUILT_PRODUCTS_DIR)/To-Do-List.app/To-Do-List";
			};
			name = Release;
		};
		BD459B4A289420A400EED544 /* Debug */ = {
			isa = XCBuildConfiguration;
			buildSettings = {
				ALWAYS_EMBED_SWIFT_STANDARD_LIBRARIES = YES;
				CODE_SIGN_STYLE = Automatic;
				CURRENT_PROJECT_VERSION = 1;
				GENERATE_INFOPLIST_FILE = YES;
				MARKETING_VERSION = 1.0;
				PRODUCT_BUNDLE_IDENTIFIER = "KWK.To-Do-ListUITests";
				PRODUCT_NAME = "$(TARGET_NAME)";
				SWIFT_EMIT_LOC_STRINGS = NO;
				SWIFT_VERSION = 5.0;
				TARGETED_DEVICE_FAMILY = "1,2";
				TEST_TARGET_NAME = "To-Do-List";
			};
			name = Debug;
		};
		BD459B4B289420A400EED544 /* Release */ = {
			isa = XCBuildConfiguration;
			buildSettings = {
				ALWAYS_EMBED_SWIFT_STANDARD_LIBRARIES = YES;
				CODE_SIGN_STYLE = Automatic;
				CURRENT_PROJECT_VERSION = 1;
				GENERATE_INFOPLIST_FILE = YES;
				MARKETING_VERSION = 1.0;
				PRODUCT_BUNDLE_IDENTIFIER = "KWK.To-Do-ListUITests";
				PRODUCT_NAME = "$(TARGET_NAME)";
				SWIFT_EMIT_LOC_STRINGS = NO;
				SWIFT_VERSION = 5.0;
				TARGETED_DEVICE_FAMILY = "1,2";
				TEST_TARGET_NAME = "To-Do-List";
			};
			name = Release;
		};
/* End XCBuildConfiguration section */

/* Begin XCConfigurationList section */
		BD459B11289420A200EED544 /* Build configuration list for PBXProject "To-Do-List" */ = {
			isa = XCConfigurationList;
			buildConfigurations = (
				BD459B41289420A400EED544 /* Debug */,
				BD459B42289420A400EED544 /* Release */,
			);
			defaultConfigurationIsVisible = 0;
			defaultConfigurationName = Release;
		};
		BD459B43289420A400EED544 /* Build configuration list for PBXNativeTarget "To-Do-List" */ = {
			isa = XCConfigurationList;
			buildConfigurations = (
				BD459B44289420A400EED544 /* Debug */,
				BD459B45289420A400EED544 /* Release */,
			);
			defaultConfigurationIsVisible = 0;
			defaultConfigurationName = Release;
		};
		BD459B46289420A400EED544 /* Build configuration list for PBXNativeTarget "To-Do-ListTests" */ = {
			isa = XCConfigurationList;
			buildConfigurations = (
				BD459B47289420A400EED544 /* Debug */,
				BD459B48289420A400EED544 /* Release */,
			);
			defaultConfigurationIsVisible = 0;
			defaultConfigurationName = Release;
		};
		BD459B49289420A400EED544 /* Build configuration list for PBXNativeTarget "To-Do-ListUITests" */ = {
			isa = XCConfigurationList;
			buildConfigurations = (
				BD459B4A289420A400EED544 /* Debug */,
				BD459B4B289420A400EED544 /* Release */,
			);
			defaultConfigurationIsVisible = 0;
			defaultConfigurationName = Release;
		};
/* End XCConfigurationList section */

/* Begin XCVersionGroup section */
		BD459B22289420A200EED544 /* To_Do_List.xcdatamodeld */ = {
			isa = XCVersionGroup;
			children = (
				BD459B23289420A200EED544 /* To_Do_List.xcdatamodel */,
			);
			currentVersion = BD459B23289420A200EED544 /* To_Do_List.xcdatamodel */;
			path = To_Do_List.xcdatamodeld;
			sourceTree = "<group>";
			versionGroupType = wrapper.xcdatamodel;
		};
/* End XCVersionGroup section */
	};
	rootObject = BD459B0E289420A200EED544 /* Project object */;
}
